
Microsoft Visual Studio Solution File, Format Version 12.00
# Visual Studio Version 16
VisualStudioVersion = 16.0.31205.134
MinimumVisualStudioVersion = 10.0.40219.1
Project("{FAE04EC0-301F-11D3-BF4B-00C04F79EFBC}") = "WebsiteStatus", "WebsiteStatus\WebsiteStatus.csproj", "{BE5557A3-63C2-49AA-BC5E-353AB1B802E6}"
EndProject
Global
	GlobalSection(SolutionConfigurationPlatforms) = preSolution
		Debug|Any CPU = Debug|Any CPU
		Release|Any CPU = Release|Any CPU
	EndGlobalSection
	GlobalSection(ProjectConfigurationPlatforms) = postSolution
		{BE5557A3-63C2-49AA-BC5E-353AB1B802E6}.Debug|Any CPU.ActiveCfg = Debug|Any CPU
		{BE5557A3-63C2-49AA-BC5E-353AB1B802E6}.Debug|Any CPU.Build.0 = Debug|Any CPU
		{BE5557A3-63C2-49AA-BC5E-353AB1B802E6}.Release|Any CPU.ActiveCfg = Release|Any CPU
		{BE5557A3-63C2-49AA-BC5E-353AB1B802E6}.Release|Any CPU.Build.0 = Release|Any CPU
	EndGlobalSection
	GlobalSection(SolutionProperties) = preSolution
		HideSolutionNode = FALSE
	EndGlobalSection
	GlobalSection(ExtensibilityGlobals) = postSolution
		SolutionGuid = {8BA61AE1-A364-4B62-B18B-E4194A48A440}
	EndGlobalSection
EndGlobal
